{
  "name": "summative-vinoir",
  "lockfileVersion": 3,
  "requires": true,
  "packages": {
    "": {
      "dependencies": {
        "iswiper": "^1.4.1"
      }
    },
    "node_modules/iswiper": {
      "version": "1.4.1",
      "resolved": "https://registry.npmjs.org/iswiper/-/iswiper-1.4.1.tgz",
      "integrity": "sha512-glyx95airL2f9ldKcVCsv9c2p18bfB9mjK3wtsocOn7QmCFuOmxPzhjzuSTz3FFXb0HOBTQLHwZAHhWKS0fG3A==",
      "license": "MIT"
    }
  }
}
